github.com/logrusorgru/aurora v0.0.0-20181002194514-a7b3b318ed4e h1:9MlwzLdW7QSDrhDjFlsEYmxpFyIoXmYRon3dt0io31k=
github.com/logrusorgru/aurora v0.0.0-20181002194514-a7b3b318ed4e/go.mod h1:7rIyQOR62GCctdiQpZ/zOJlFyk6y+94wXzv6RNZgaR4=
github.com/urfave/cli v0.0.0-20170506042529-d70f47eeca3a h1:QCKpTIKfYPSx19VYrRHtsbShQVfIFzBFe3pO/wBUOc8=
github.com/urfave/cli v0.0.0-20170506042529-d70f47eeca3a/go.mod h1:70zkFmudgCuE/ngEzBv17Jvp/497gISqfk5gWijbERA=
